PODS:
  - Alamofire (4.1.0)
  - Argo (4.1.0):
    - Runes (>= 4.0.0)
  - Curry (3.0.0)
  - HarvestAPI (0.1):
    - Alamofire (~> 4.0)
    - Argo (~> 4.0)
    - Curry (~> 3.0)
    - Result (~> 3.0.0)
  - JTAppleCalendar (6.0.2)
  - Result (3.0.0)
  - Runes (4.0.1)
  - SnapKit (3.0.2)

DEPENDENCIES:
  - HarvestAPI (from `~/proj/HarvestAPI/`)
  - JTAppleCalendar (~> 6.0)
  - SnapKit

EXTERNAL SOURCES:
  HarvestAPI:
    :path: "~/proj/HarvestAPI/"

SPEC CHECKSUMS:
  Alamofire: e266cf991b933498df791e645e0d8ac294492153
  Argo: 846f1637e85257e34bfc351b5031f19bfca7555c
  Curry: eb3d2c75aec678b3cc7fb2729d2ad6dd121531d1
  HarvestAPI: 9fdb9dbf0859750341f1e0d462a342e4f53105d4
  JTAppleCalendar: d0f71bdd45105279fc59329a9c24017e7028e499
  Result: 1b3e431f37cbcd3ad89c6aa9ab0ae55515fae3b6
  Runes: ff20f163b478ac2c0e18158d6086fd5b1997f983
  SnapKit: 2e456761aa92d4d4067a7a5594c18769d451a8ad

PODFILE CHECKSUM: '08836c503569d07ffacc93dc475ad2e98acc6d6d'

COCOAPODS: 1.2.0.beta.1
