// !$*UTF8*$!
{
	archiveVersion = 1;
	classes = {
	};
	objectVersion = 46;
	objects = {

/* Begin PBXBuildFile section */
		0A6682EC01ECD9DA35455302 /* Pods_HarvestSeason.framework in Frameworks */ = {isa = PBXBuildFile; fileRef = 33D8A6F0AC239E5C5137809A /* Pods_HarvestSeason.framework */; };
		5DB18D28B6F0AC6F3E906234 /* Pods_HarvestSeasonTests.framework in Frameworks */ = {isa = PBXBuildFile; fileRef = 9D3E942FBD653BF653356236 /* Pods_HarvestSeasonTests.framework */; };
		6C64B9D41E074B53004576A9 /* AppDelegate.swift in Sources */ = {isa = PBXBuildFile; fileRef = 6C64B9D31E074B53004576A9 /* AppDelegate.swift */; };
		6C64B9D61E074B53004576A9 /* ViewController.swift in Sources */ = {isa = PBXBuildFile; fileRef = 6C64B9D51E074B53004576A9 /* ViewController.swift */; };
		6C64B9DB1E074B53004576A9 /* Assets.xcassets in Resources */ = {isa = PBXBuildFile; fileRef = 6C64B9DA1E074B53004576A9 /* Assets.xcassets */; };
		6C64B9DE1E074B53004576A9 /* LaunchScreen.storyboard in Resources */ = {isa = PBXBuildFile; fileRef = 6C64B9DC1E074B53004576A9 /* LaunchScreen.storyboard */; };
		6C64B9E91E074B53004576A9 /* HarvestSeasonTests.swift in Sources */ = {isa = PBXBuildFile; fileRef = 6C64B9E81E074B53004576A9 /* HarvestSeasonTests.swift */; };
		6C64B9F41E074B53004576A9 /* HarvestSeasonUITests.swift in Sources */ = {isa = PBXBuildFile; fileRef = 6C64B9F31E074B53004576A9 /* HarvestSeasonUITests.swift */; };
		DCF6FB3715D6E244881CFE04 /* Pods_HarvestSeasonUITests.framework in Frameworks */ = {isa = PBXBuildFile; fileRef = 065D49E412D95572E89BA70C /* Pods_HarvestSeasonUITests.framework */; };
/* End PBXBuildFile section */

/* Begin PBXContainerItemProxy section */
		6C64B9E51E074B53004576A9 /* PBXContainerItemProxy */ = {
			isa = PBXContainerItemProxy;
			containerPortal = 6C64B9C81E074B53004576A9 /* Project object */;
			proxyType = 1;
			remoteGlobalIDString = 6C64B9CF1E074B53004576A9;
			remoteInfo = HarvestSeason;
		};
		6C64B9F01E074B53004576A9 /* PBXContainerItemProxy */ = {
			isa = PBXContainerItemProxy;
			containerPortal = 6C64B9C81E074B53004576A9 /* Project object */;
			proxyType = 1;
			remoteGlobalIDString = 6C64B9CF1E074B53004576A9;
			remoteInfo = HarvestSeason;
		};
/* End PBXContainerItemProxy section */

/* Begin PBXFileReference section */
		065D49E412D95572E89BA70C /* Pods_HarvestSeasonUITests.framework */ = {isa = PBXFileReference; explicitFileType = wrapper.framework; includeInIndex = 0; path = Pods_HarvestSeasonUITests.framework; sourceTree = BUILT_PRODUCTS_DIR; };
		33D8A6F0AC239E5C5137809A /* Pods_HarvestSeason.framework */ = {isa = PBXFileReference; explicitFileType = wrapper.framework; includeInIndex = 0; path = Pods_HarvestSeason.framework; sourceTree = BUILT_PRODUCTS_DIR; };
		462BC6E93842F34F8572F729 /* Pods-HarvestSeasonUITests.debug.xcconfig */ = {isa = PBXFileReference; includeInIndex = 1; lastKnownFileType = text.xcconfig; name = "Pods-HarvestSeasonUITests.debug.xcconfig"; path = "Pods/Target Support Files/Pods-HarvestSeasonUITests/Pods-HarvestSeasonUITests.debug.xcconfig"; sourceTree = "<group>"; };
		4F1C1B87525A65A82B949E09 /* Pods-HarvestSeason.debug.xcconfig */ = {isa = PBXFileReference; includeInIndex = 1; lastKnownFileType = text.xcconfig; name = "Pods-HarvestSeason.debug.xcconfig"; path = "Pods/Target Support Files/Pods-HarvestSeason/Pods-HarvestSeason.debug.xcconfig"; sourceTree = "<group>"; };
		6C64B9D01E074B53004576A9 /* HarvestSeason.app */ = {isa = PBXFileReference; explicitFileType = wrapper.application; includeInIndex = 0; path = HarvestSeason.app; sourceTree = BUILT_PRODUCTS_DIR; };
		6C64B9D31E074B53004576A9 /* AppDelegate.swift */ = {isa = PBXFileReference; lastKnownFileType = sourcecode.swift; path = AppDelegate.swift; sourceTree = "<group>"; };
		6C64B9D51E074B53004576A9 /* ViewController.swift */ = {isa = PBXFileReference; lastKnownFileType = sourcecode.swift; path = ViewController.swift; sourceTree = "<group>"; };
		6C64B9DA1E074B53004576A9 /* Assets.xcassets */ = {isa = PBXFileReference; lastKnownFileType = folder.assetcatalog; path = Assets.xcassets; sourceTree = "<group>"; };
		6C64B9DD1E074B53004576A9 /* Base */ = {isa = PBXFileReference; lastKnownFileType = file.storyboard; name = Base; path = Base.lproj/LaunchScreen.storyboard; sourceTree = "<group>"; };
		6C64B9DF1E074B53004576A9 /* Info.plist */ = {isa = PBXFileReference; lastKnownFileType = text.plist.xml; path = Info.plist; sourceTree = "<group>"; };
		6C64B9E41E074B53004576A9 /* HarvestSeasonTests.xctest */ = {isa = PBXFileReference; explicitFileType = wrapper.cfbundle; includeInIndex = 0; path = HarvestSeasonTests.xctest; sourceTree = BUILT_PRODUCTS_DIR; };
		6C64B9E81E074B53004576A9 /* HarvestSeasonTests.swift */ = {isa = PBXFileReference; lastKnownFileType = sourcecode.swift; path = HarvestSeasonTests.swift; sourceTree = "<group>"; };
		6C64B9EA1E074B53004576A9 /* Info.plist */ = {isa = PBXFileReference; lastKnownFileType = text.plist.xml; path = Info.plist; sourceTree = "<group>"; };
		6C64B9EF1E074B53004576A9 /* HarvestSeasonUITests.xctest */ = {isa = PBXFileReference; explicitFileType = wrapper.cfbundle; includeInIndex = 0; path = HarvestSeasonUITests.xctest; sourceTree = BUILT_PRODUCTS_DIR; };
		6C64B9F31E074B53004576A9 /* HarvestSeasonUITests.swift */ = {isa = PBXFileReference; lastKnownFileType = sourcecode.swift; path = HarvestSeasonUITests.swift; sourceTree = "<group>"; };
		6C64B9F51E074B53004576A9 /* Info.plist */ = {isa = PBXFileReference; lastKnownFileType = text.plist.xml; path = Info.plist; sourceTree = "<group>"; };
		9D3E942FBD653BF653356236 /* Pods_HarvestSeasonTests.framework */ = {isa = PBXFileReference; explicitFileType = wrapper.framework; includeInIndex = 0; path = Pods_HarvestSeasonTests.framework; sourceTree = BUILT_PRODUCTS_DIR; };
		D91B38876BF5DDEB5296B49A /* Pods-HarvestSeasonUITests.release.xcconfig */ = {isa = PBXFileReference; includeInIndex = 1; lastKnownFileType = text.xcconfig; name = "Pods-HarvestSeasonUITests.release.xcconfig"; path = "Pods/Target Support Files/Pods-HarvestSeasonUITests/Pods-HarvestSeasonUITests.release.xcconfig"; sourceTree = "<group>"; };
		E3789A309F3C958AB21577E7 /* Pods-HarvestSeason.release.xcconfig */ = {isa = PBXFileReference; includeInIndex = 1; lastKnownFileType = text.xcconfig; name = "Pods-HarvestSeason.release.xcconfig"; path = "Pods/Target Support Files/Pods-HarvestSeason/Pods-HarvestSeason.release.xcconfig"; sourceTree = "<group>"; };
		EED8DB33034070A088603D4A /* Pods-HarvestSeasonTests.debug.xcconfig */ = {isa = PBXFileReference; includeInIndex = 1; lastKnownFileType = text.xcconfig; name = "Pods-HarvestSeasonTests.debug.xcconfig"; path = "Pods/Target Support Files/Pods-HarvestSeasonTests/Pods-HarvestSeasonTests.debug.xcconfig"; sourceTree = "<group>"; };
		F12353A01718D05B2259536C /* Pods-HarvestSeasonTests.release.xcconfig */ = {isa = PBXFileReference; includeInIndex = 1; lastKnownFileType = text.xcconfig; name = "Pods-HarvestSeasonTests.release.xcconfig"; path = "Pods/Target Support Files/Pods-HarvestSeasonTests/Pods-HarvestSeasonTests.release.xcconfig"; sourceTree = "<group>"; };
/* End PBXFileReference section */

/* Begin PBXFrameworksBuildPhase section */
		6C64B9CD1E074B53004576A9 /* Frameworks */ = {
			isa = PBXFrameworksBuildPhase;
			buildActionMask = 2147483647;
			files = (
				0A6682EC01ECD9DA35455302 /* Pods_HarvestSeason.framework in Frameworks */,
			);
			runOnlyForDeploymentPostprocessing = 0;
		};
		6C64B9E11E074B53004576A9 /* Frameworks */ = {
			isa = PBXFrameworksBuildPhase;
			buildActionMask = 2147483647;
			files = (
				5DB18D28B6F0AC6F3E906234 /* Pods_HarvestSeasonTests.framework in Frameworks */,
			);
			runOnlyForDeploymentPostprocessing = 0;
		};
		6C64B9EC1E074B53004576A9 /* Frameworks */ = {
			isa = PBXFrameworksBuildPhase;
			buildActionMask = 2147483647;
			files = (
				DCF6FB3715D6E244881CFE04 /* Pods_HarvestSeasonUITests.framework in Frameworks */,
			);
			runOnlyForDeploymentPostprocessing = 0;
		};
/* End PBXFrameworksBuildPhase section */

/* Begin PBXGroup section */
		6C64B9C71E074B53004576A9 = {
			isa = PBXGroup;
			children = (
				6C64B9D21E074B53004576A9 /* HarvestSeason */,
				6C64B9E71E074B53004576A9 /* HarvestSeasonTests */,
				6C64B9F21E074B53004576A9 /* HarvestSeasonUITests */,
				6C64B9D11E074B53004576A9 /* Products */,
				DFC5ABE5BA8CCF9A006A224B /* Pods */,
				D73B9FDFD8BFC64AF014069B /* Frameworks */,
			);
			sourceTree = "<group>";
		};
		6C64B9D11E074B53004576A9 /* Products */ = {
			isa = PBXGroup;
			children = (
				6C64B9D01E074B53004576A9 /* HarvestSeason.app */,
				6C64B9E41E074B53004576A9 /* HarvestSeasonTests.xctest */,
				6C64B9EF1E074B53004576A9 /* HarvestSeasonUITests.xctest */,
			);
			name = Products;
			sourceTree = "<group>";
		};
		6C64B9D21E074B53004576A9 /* HarvestSeason */ = {
			isa = PBXGroup;
			children = (
				6C64B9D31E074B53004576A9 /* AppDelegate.swift */,
				6C64B9D51E074B53004576A9 /* ViewController.swift */,
				6C64B9DA1E074B53004576A9 /* Assets.xcassets */,
				6C64B9DC1E074B53004576A9 /* LaunchScreen.storyboard */,
				6C64B9DF1E074B53004576A9 /* Info.plist */,
			);
			path = HarvestSeason;
			sourceTree = "<group>";
		};
		6C64B9E71E074B53004576A9 /* HarvestSeasonTests */ = {
			isa = PBXGroup;
			children = (
				6C64B9E81E074B53004576A9 /* HarvestSeasonTests.swift */,
				6C64B9EA1E074B53004576A9 /* Info.plist */,
			);
			path = HarvestSeasonTests;
			sourceTree = "<group>";
		};
		6C64B9F21E074B53004576A9 /* HarvestSeasonUITests */ = {
			isa = PBXGroup;
			children = (
				6C64B9F31E074B53004576A9 /* HarvestSeasonUITests.swift */,
				6C64B9F51E074B53004576A9 /* Info.plist */,
			);
			path = HarvestSeasonUITests;
			sourceTree = "<group>";
		};
		D73B9FDFD8BFC64AF014069B /* Frameworks */ = {
			isa = PBXGroup;
			children = (
				33D8A6F0AC239E5C5137809A /* Pods_HarvestSeason.framework */,
				9D3E942FBD653BF653356236 /* Pods_HarvestSeasonTests.framework */,
				065D49E412D95572E89BA70C /* Pods_HarvestSeasonUITests.framework */,
			);
			name = Frameworks;
			sourceTree = "<group>";
		};
		DFC5ABE5BA8CCF9A006A224B /* Pods */ = {
			isa = PBXGroup;
			children = (
				4F1C1B87525A65A82B949E09 /* Pods-HarvestSeason.debug.xcconfig */,
				E3789A309F3C958AB21577E7 /* Pods-HarvestSeason.release.xcconfig */,
				EED8DB33034070A088603D4A /* Pods-HarvestSeasonTests.debug.xcconfig */,
				F12353A01718D05B2259536C /* Pods-HarvestSeasonTests.release.xcconfig */,
				462BC6E93842F34F8572F729 /* Pods-HarvestSeasonUITests.debug.xcconfig */,
				D91B38876BF5DDEB5296B49A /* Pods-HarvestSeasonUITests.release.xcconfig */,
			);
			name = Pods;
			sourceTree = "<group>";
		};
/* End PBXGroup section */

/* Begin PBXNativeTarget section */
		6C64B9CF1E074B53004576A9 /* HarvestSeason */ = {
			isa = PBXNativeTarget;
			buildConfigurationList = 6C64B9F81E074B53004576A9 /* Build configuration list for PBXNativeTarget "HarvestSeason" */;
			buildPhases = (
				7A1428957C259F66BB4F6BFE /* [CP] Check Pods Manifest.lock */,
				6C64B9CC1E074B53004576A9 /* Sources */,
				6C64B9CD1E074B53004576A9 /* Frameworks */,
				6C64B9CE1E074B53004576A9 /* Resources */,
				FDFCAE398EF9EBA52AF4BD06 /* [CP] Embed Pods Frameworks */,
				25464AD983A92C9134BD1379 /* [CP] Copy Pods Resources */,
			);
			buildRules = (
			);
			dependencies = (
			);
			name = HarvestSeason;
			productName = HarvestSeason;
			productReference = 6C64B9D01E074B53004576A9 /* HarvestSeason.app */;
			productType = "com.apple.product-type.application";
		};
		6C64B9E31E074B53004576A9 /* HarvestSeasonTests */ = {
			isa = PBXNativeTarget;
			buildConfigurationList = 6C64B9FB1E074B53004576A9 /* Build configuration list for PBXNativeTarget "HarvestSeasonTests" */;
			buildPhases = (
				C1B96728FDB240DFDB9E362C /* [CP] Check Pods Manifest.lock */,
				6C64B9E01E074B53004576A9 /* Sources */,
				6C64B9E11E074B53004576A9 /* Frameworks */,
				6C64B9E21E074B53004576A9 /* Resources */,
				CA8C57A25A298DBC77DD9A27 /* [CP] Embed Pods Frameworks */,
				B9492056CE70B76E22F73D3C /* [CP] Copy Pods Resources */,
			);
			buildRules = (
			);
			dependencies = (
				6C64B9E61E074B53004576A9 /* PBXTargetDependency */,
			);
			name = HarvestSeasonTests;
			productName = HarvestSeasonTests;
			productReference = 6C64B9E41E074B53004576A9 /* HarvestSeasonTests.xctest */;
			productType = "com.apple.product-type.bundle.unit-test";
		};
		6C64B9EE1E074B53004576A9 /* HarvestSeasonUITests */ = {
			isa = PBXNativeTarget;
			buildConfigurationList = 6C64B9FE1E074B53004576A9 /* Build configuration list for PBXNativeTarget "HarvestSeasonUITests" */;
			buildPhases = (
				A3F289DF15AB4690CF1E3A33 /* [CP] Check Pods Manifest.lock */,
				6C64B9EB1E074B53004576A9 /* Sources */,
				6C64B9EC1E074B53004576A9 /* Frameworks */,
				6C64B9ED1E074B53004576A9 /* Resources */,
				3891575C45E128AC715EB5C9 /* [CP] Embed Pods Frameworks */,
				F3EBFEAB2393F455575A63E7 /* [CP] Copy Pods Resources */,
			);
			buildRules = (
			);
			dependencies = (
				6C64B9F11E074B53004576A9 /* PBXTargetDependency */,
			);
			name = HarvestSeasonUITests;
			productName = HarvestSeasonUITests;
			productReference = 6C64B9EF1E074B53004576A9 /* HarvestSeasonUITests.xctest */;
			productType = "com.apple.product-type.bundle.ui-testing";
		};
/* End PBXNativeTarget section */

/* Begin PBXProject section */
		6C64B9C81E074B53004576A9 /* Project object */ = {
			isa = PBXProject;
			attributes = {
				LastSwiftUpdateCheck = 0800;
				LastUpgradeCheck = 0800;
				ORGANIZATIONNAME = nicktd;
				TargetAttributes = {
					6C64B9CF1E074B53004576A9 = {
						CreatedOnToolsVersion = 8.0;
						ProvisioningStyle = Automatic;
					};
					6C64B9E31E074B53004576A9 = {
						CreatedOnToolsVersion = 8.0;
						ProvisioningStyle = Automatic;
						TestTargetID = 6C64B9CF1E074B53004576A9;
					};
					6C64B9EE1E074B53004576A9 = {
						CreatedOnToolsVersion = 8.0;
						ProvisioningStyle = Automatic;
						TestTargetID = 6C64B9CF1E074B53004576A9;
					};
				};
			};
			buildConfigurationList = 6C64B9CB1E074B53004576A9 /* Build configuration list for PBXProject "HarvestSeason" */;
			compatibilityVersion = "Xcode 3.2";
			developmentRegion = English;
			hasScannedForEncodings = 0;
			knownRegions = (
				en,
				Base,
			);
			mainGroup = 6C64B9C71E074B53004576A9;
			productRefGroup = 6C64B9D11E074B53004576A9 /* Products */;
			projectDirPath = "";
			projectRoot = "";
			targets = (
				6C64B9CF1E074B53004576A9 /* HarvestSeason */,
				6C64B9E31E074B53004576A9 /* HarvestSeasonTests */,
				6C64B9EE1E074B53004576A9 /* HarvestSeasonUITests */,
			);
		};
/* End PBXProject section */

/* Begin PBXResourcesBuildPhase section */
		6C64B9CE1E074B53004576A9 /* Resources */ = {
			isa = PBXResourcesBuildPhase;
			buildActionMask = 2147483647;
			files = (
				6C64B9DE1E074B53004576A9 /* LaunchScreen.storyboard in Resources */,
				6C64B9DB1E074B53004576A9 /* Assets.xcassets in Resources */,
			);
			runOnlyForDeploymentPostprocessing = 0;
		};
		6C64B9E21E074B53004576A9 /* Resources */ = {
			isa = PBXResourcesBuildPhase;
			buildActionMask = 2147483647;
			files = (
			);
			runOnlyForDeploymentPostprocessing = 0;
		};
		6C64B9ED1E074B53004576A9 /* Resources */ = {
			isa = PBXResourcesBuildPhase;
			buildActionMask = 2147483647;
			files = (
			);
			runOnlyForDeploymentPostprocessing = 0;
		};
/* End PBXResourcesBuildPhase section */

/* Begin PBXShellScriptBuildPhase section */
		25464AD983A92C9134BD1379 /* [CP] Copy Pods Resources */ = {
			isa = PBXShellScriptBuildPhase;
			buildActionMask = 2147483647;
			files = (
			);
			inputPaths = (
			);
			name = "[CP] Copy Pods Resources";
			outputPaths = (
			);
			runOnlyForDeploymentPostprocessing = 0;
			shellPath = /bin/sh;
			shellScript = "\"${SRCROOT}/Pods/Target Support Files/Pods-HarvestSeason/Pods-HarvestSeason-resources.sh\"\n";
			showEnvVarsInLog = 0;
		};
		3891575C45E128AC715EB5C9 /* [CP] Embed Pods Frameworks */ = {
			isa = PBXShellScriptBuildPhase;
			buildActionMask = 2147483647;
			files = (
			);
			inputPaths = (
			);
			name = "[CP] Embed Pods Frameworks";
			outputPaths = (
			);
			runOnlyForDeploymentPostprocessing = 0;
			shellPath = /bin/sh;
			shellScript = "\"${SRCROOT}/Pods/Target Support Files/Pods-HarvestSeasonUITests/Pods-HarvestSeasonUITests-frameworks.sh\"\n";
			showEnvVarsInLog = 0;
		};
		7A1428957C259F66BB4F6BFE /* [CP] Check Pods Manifest.lock */ = {
			isa = PBXShellScriptBuildPhase;
			buildActionMask = 2147483647;
			files = (
			);
			inputPaths = (
			);
			name = "[CP] Check Pods Manifest.lock";
			outputPaths = (
			);
			runOnlyForDeploymentPostprocessing = 0;
			shellPath = /bin/sh;
			shellScript = "diff \"${PODS_ROOT}/../Podfile.lock\" \"${PODS_ROOT}/Manifest.lock\" > /dev/null\nif [ $? != 0 ] ; then\n    # print error to STDERR\n    echo \"error: The sandbox is not in sync with the Podfile.lock. Run 'pod install' or update your CocoaPods installation.\" >&2\n    exit 1\nfi\n";
			showEnvVarsInLog = 0;
		};
		A3F289DF15AB4690CF1E3A33 /* [CP] Check Pods Manifest.lock */ = {
			isa = PBXShellScriptBuildPhase;
			buildActionMask = 2147483647;
			files = (
			);
			inputPaths = (
			);
			name = "[CP] Check Pods Manifest.lock";
			outputPaths = (
			);
			runOnlyForDeploymentPostprocessing = 0;
			shellPath = /bin/sh;
			shellScript = "diff \"${PODS_ROOT}/../Podfile.lock\" \"${PODS_ROOT}/Manifest.lock\" > /dev/null\nif [ $? != 0 ] ; then\n    # print error to STDERR\n    echo \"error: The sandbox is not in sync with the Podfile.lock. Run 'pod install' or update your CocoaPods installation.\" >&2\n    exit 1\nfi\n";
			showEnvVarsInLog = 0;
		};
		B9492056CE70B76E22F73D3C /* [CP] Copy Pods Resources */ = {
			isa = PBXShellScriptBuildPhase;
			buildActionMask = 2147483647;
			files = (
			);
			inputPaths = (
			);
			name = "[CP] Copy Pods Resources";
			outputPaths = (
			);
			runOnlyForDeploymentPostprocessing = 0;
			shellPath = /bin/sh;
			shellScript = "\"${SRCROOT}/Pods/Target Support Files/Pods-HarvestSeasonTests/Pods-HarvestSeasonTests-resources.sh\"\n";
			showEnvVarsInLog = 0;
		};
		C1B96728FDB240DFDB9E362C /* [CP] Check Pods Manifest.lock */ = {
			isa = PBXShellScriptBuildPhase;
			buildActionMask = 2147483647;
			files = (
			);
			inputPaths = (
			);
			name = "[CP] Check Pods Manifest.lock";
			outputPaths = (
			);
			runOnlyForDeploymentPostprocessing = 0;
			shellPath = /bin/sh;
			shellScript = "diff \"${PODS_ROOT}/../Podfile.lock\" \"${PODS_ROOT}/Manifest.lock\" > /dev/null\nif [ $? != 0 ] ; then\n    # print error to STDERR\n    echo \"error: The sandbox is not in sync with the Podfile.lock. Run 'pod install' or update your CocoaPods installation.\" >&2\n    exit 1\nfi\n";
			showEnvVarsInLog = 0;
		};
		CA8C57A25A298DBC77DD9A27 /* [CP] Embed Pods Frameworks */ = {
			isa = PBXShellScriptBuildPhase;
			buildActionMask = 2147483647;
			files = (
			);
			inputPaths = (
			);
			name = "[CP] Embed Pods Frameworks";
			outputPaths = (
			);
			runOnlyForDeploymentPostprocessing = 0;
			shellPath = /bin/sh;
			shellScript = "\"${SRCROOT}/Pods/Target Support Files/Pods-HarvestSeasonTests/Pods-HarvestSeasonTests-frameworks.sh\"\n";
			showEnvVarsInLog = 0;
		};
		F3EBFEAB2393F455575A63E7 /* [CP] Copy Pods Resources */ = {
			isa = PBXShellScriptBuildPhase;
			buildActionMask = 2147483647;
			files = (
			);
			inputPaths = (
			);
			name = "[CP] Copy Pods Resources";
			outputPaths = (
			);
			runOnlyForDeploymentPostprocessing = 0;
			shellPath = /bin/sh;
			shellScript = "\"${SRCROOT}/Pods/Target Support Files/Pods-HarvestSeasonUITests/Pods-HarvestSeasonUITests-resources.sh\"\n";
			showEnvVarsInLog = 0;
		};
		FDFCAE398EF9EBA52AF4BD06 /* [CP] Embed Pods Frameworks */ = {
			isa = PBXShellScriptBuildPhase;
			buildActionMask = 2147483647;
			files = (
			);
			inputPaths = (
			);
			name = "[CP] Embed Pods Frameworks";
			outputPaths = (
			);
			runOnlyForDeploymentPostprocessing = 0;
			shellPath = /bin/sh;
			shellScript = "\"${SRCROOT}/Pods/Target Support Files/Pods-HarvestSeason/Pods-HarvestSeason-frameworks.sh\"\n";
			showEnvVarsInLog = 0;
		};
/* End PBXShellScriptBuildPhase section */

/* Begin PBXSourcesBuildPhase section */
		6C64B9CC1E074B53004576A9 /* Sources */ = {
			isa = PBXSourcesBuildPhase;
			buildActionMask = 2147483647;
			files = (
				6C64B9D61E074B53004576A9 /* ViewController.swift in Sources */,
				6C64B9D41E074B53004576A9 /* AppDelegate.swift in Sources */,
			);
			runOnlyForDeploymentPostprocessing = 0;
		};
		6C64B9E01E074B53004576A9 /* Sources */ = {
			isa = PBXSourcesBuildPhase;
			buildActionMask = 2147483647;
			files = (
				6C64B9E91E074B53004576A9 /* HarvestSeasonTests.swift in Sources */,
			);
			runOnlyForDeploymentPostprocessing = 0;
		};
		6C64B9EB1E074B53004576A9 /* Sources */ = {
			isa = PBXSourcesBuildPhase;
			buildActionMask = 2147483647;
			files = (
				6C64B9F41E074B53004576A9 /* HarvestSeasonUITests.swift in Sources */,
			);
			runOnlyForDeploymentPostprocessing = 0;
		};
/* End PBXSourcesBuildPhase section */

/* Begin PBXTargetDependency section */
		6C64B9E61E074B53004576A9 /* PBXTargetDependency */ = {
			isa = PBXTargetDependency;
			target = 6C64B9CF1E074B53004576A9 /* HarvestSeason */;
			targetProxy = 6C64B9E51E074B53004576A9 /* PBXContainerItemProxy */;
		};
		6C64B9F11E074B53004576A9 /* PBXTargetDependency */ = {
			isa = PBXTargetDependency;
			target = 6C64B9CF1E074B53004576A9 /* HarvestSeason */;
			targetProxy = 6C64B9F01E074B53004576A9 /* PBXContainerItemProxy */;
		};
/* End PBXTargetDependency section */

/* Begin PBXVariantGroup section */
		6C64B9DC1E074B53004576A9 /* LaunchScreen.storyboard */ = {
			isa = PBXVariantGroup;
			children = (
				6C64B9DD1E074B53004576A9 /* Base */,
			);
			name = LaunchScreen.storyboard;
			sourceTree = "<group>";
		};
/* End PBXVariantGroup section */

/* Begin XCBuildConfiguration section */
		6C64B9F61E074B53004576A9 /* Debug */ = {
			isa = XCBuildConfiguration;
			buildSettings = {
				ALWAYS_SEARCH_USER_PATHS = NO;
				CLANG_ANALYZER_NONNULL = YES;
				CLANG_CXX_LANGUAGE_STANDARD = "gnu++0x";
				CLANG_CXX_LIBRARY = "libc++";
				CLANG_ENABLE_MODULES = YES;
				CLANG_ENABLE_OBJC_ARC = YES;
				CLANG_WARN_BOOL_CONVERSION = YES;
				CLANG_WARN_CONSTANT_CONVERSION = YES;
				CLANG_WARN_DIRECT_OBJC_ISA_USAGE = YES_ERROR;
				CLANG_WARN_DOCUMENTATION_COMMENTS = YES;
				CLANG_WARN_EMPTY_BODY = YES;
				CLANG_WARN_ENUM_CONVERSION = YES;
				CLANG_WARN_INFINITE_RECURSION = YES;
				CLANG_WARN_INT_CONVERSION = YES;
				CLANG_WARN_OBJC_ROOT_CLASS = YES_ERROR;
				CLANG_WARN_SUSPICIOUS_MOVES = YES;
				CLANG_WARN_UNREACHABLE_CODE = YES;
				CLANG_WARN__DUPLICATE_METHOD_MATCH = YES;
				"CODE_SIGN_IDENTITY[sdk=iphoneos*]" = "iPhone Developer";
				COPY_PHASE_STRIP = NO;
				DEBUG_INFORMATION_FORMAT = dwarf;
				ENABLE_STRICT_OBJC_MSGSEND = YES;
				ENABLE_TESTABILITY = YES;
				GCC_C_LANGUAGE_STANDARD = gnu99;
				GCC_DYNAMIC_NO_PIC = NO;
				GCC_NO_COMMON_BLOCKS = YES;
				GCC_OPTIMIZATION_LEVEL = 0;
				GCC_PREPROCESSOR_DEFINITIONS = (
					"DEBUG=1",
					"$(inherited)",
				);
				GCC_WARN_64_TO_32_BIT_CONVERSION = YES;
				GCC_WARN_ABOUT_RETURN_TYPE = YES_ERROR;
				GCC_WARN_UNDECLARED_SELECTOR = YES;
				GCC_WARN_UNINITIALIZED_AUTOS = YES_AGGRESSIVE;
				GCC_WARN_UNUSED_FUNCTION = YES;
				GCC_WARN_UNUSED_VARIABLE = YES;
				IPHONEOS_DEPLOYMENT_TARGET = 10.0;
				MTL_ENABLE_DEBUG_INFO = YES;
				ONLY_ACTIVE_ARCH = YES;
				SDKROOT = iphoneos;
				SWIFT_ACTIVE_COMPILATION_CONDITIONS = DEBUG;
				SWIFT_OPTIMIZATION_LEVEL = "-Onone";
				TARGETED_DEVICE_FAMILY = "1,2";
			};
			name = Debug;
		};
		6C64B9F71E074B53004576A9 /* Release */ = {
			isa = XCBuildConfiguration;
			buildSettings = {
				ALWAYS_SEARCH_USER_PATHS = NO;
				CLANG_ANALYZER_NONNULL = YES;
				CLANG_CXX_LANGUAGE_STANDARD = "gnu++0x";
				CLANG_CXX_LIBRARY = "libc++";
				CLANG_ENABLE_MODULES = YES;
				CLANG_ENABLE_OBJC_ARC = YES;
				CLANG_WARN_BOOL_CONVERSION = YES;
				CLANG_WARN_CONSTANT_CONVERSION = YES;
				CLANG_WARN_DIRECT_OBJC_ISA_USAGE = YES_ERROR;
				CLANG_WARN_DOCUMENTATION_COMMENTS = YES;
				CLANG_WARN_EMPTY_BODY = YES;
				CLANG_WARN_ENUM_CONVERSION = YES;
				CLANG_WARN_INFINITE_RECURSION = YES;
				CLANG_WARN_INT_CONVERSION = YES;
				CLANG_WARN_OBJC_ROOT_CLASS = YES_ERROR;
				CLANG_WARN_SUSPICIOUS_MOVES = YES;
				CLANG_WARN_UNREACHABLE_CODE = YES;
				CLANG_WARN__DUPLICATE_METHOD_MATCH = YES;
				"CODE_SIGN_IDENTITY[sdk=iphoneos*]" = "iPhone Developer";
				COPY_PHASE_STRIP = NO;
				DEBUG_INFORMATION_FORMAT = "dwarf-with-dsym";
				ENABLE_NS_ASSERTIONS = NO;
				ENABLE_STRICT_OBJC_MSGSEND = YES;
				GCC_C_LANGUAGE_STANDARD = gnu99;
				GCC_NO_COMMON_BLOCKS = YES;
				GCC_WARN_64_TO_32_BIT_CONVERSION = YES;
				GCC_WARN_ABOUT_RETURN_TYPE = YES_ERROR;
				GCC_WARN_UNDECLARED_SELECTOR = YES;
				GCC_WARN_UNINITIALIZED_AUTOS = YES_AGGRESSIVE;
				GCC_WARN_UNUSED_FUNCTION = YES;
				GCC_WARN_UNUSED_VARIABLE = YES;
				IPHONEOS_DEPLOYMENT_TARGET = 10.0;
				MTL_ENABLE_DEBUG_INFO = NO;
				SDKROOT = iphoneos;
				SWIFT_OPTIMIZATION_LEVEL = "-Owholemodule";
				TARGETED_DEVICE_FAMILY = "1,2";
				VALIDATE_PRODUCT = YES;
			};
			name = Release;
		};
		6C64B9F91E074B53004576A9 /* Debug */ = {
			isa = XCBuildConfiguration;
			baseConfigurationReference = 4F1C1B87525A65A82B949E09 /* Pods-HarvestSeason.debug.xcconfig */;
			buildSettings = {
				ASSETCATALOG_COMPILER_APPICON_NAME = AppIcon;
				INFOPLIST_FILE = HarvestSeason/Info.plist;
				LD_RUNPATH_SEARCH_PATHS = "$(inherited) @executable_path/Frameworks";
				PRODUCT_BUNDLE_IDENTIFIER = com.nicktd.HarvestSeason;
				PRODUCT_NAME = "$(TARGET_NAME)";
				SWIFT_VERSION = 3.0;
			};
			name = Debug;
		};
		6C64B9FA1E074B53004576A9 /* Release */ = {
			isa = XCBuildConfiguration;
			baseConfigurationReference = E3789A309F3C958AB21577E7 /* Pods-HarvestSeason.release.xcconfig */;
			buildSettings = {
				ASSETCATALOG_COMPILER_APPICON_NAME = AppIcon;
				INFOPLIST_FILE = HarvestSeason/Info.plist;
				LD_RUNPATH_SEARCH_PATHS = "$(inherited) @executable_path/Frameworks";
				PRODUCT_BUNDLE_IDENTIFIER = com.nicktd.HarvestSeason;
				PRODUCT_NAME = "$(TARGET_NAME)";
				SWIFT_VERSION = 3.0;
			};
			name = Release;
		};
		6C64B9FC1E074B53004576A9 /* Debug */ = {
			isa = XCBuildConfiguration;
			baseConfigurationReference = EED8DB33034070A088603D4A /* Pods-HarvestSeasonTests.debug.xcconfig */;
			buildSettings = {
				BUNDLE_LOADER = "$(TEST_HOST)";
				INFOPLIST_FILE = HarvestSeasonTests/Info.plist;
				LD_RUNPATH_SEARCH_PATHS = "$(inherited) @executable_path/Frameworks @loader_path/Frameworks";
				PRODUCT_BUNDLE_IDENTIFIER = com.nicktd.HarvestSeasonTests;
				PRODUCT_NAME = "$(TARGET_NAME)";
				SWIFT_VERSION = 3.0;
				TEST_HOST = "$(BUILT_PRODUCTS_DIR)/HarvestSeason.app/HarvestSeason";
			};
			name = Debug;
		};
		6C64B9FD1E074B53004576A9 /* Release */ = {
			isa = XCBuildConfiguration;
			baseConfigurationReference = F12353A01718D05B2259536C /* Pods-HarvestSeasonTests.release.xcconfig */;
			buildSettings = {
				BUNDLE_LOADER = "$(TEST_HOST)";
				INFOPLIST_FILE = HarvestSeasonTests/Info.plist;
				LD_RUNPATH_SEARCH_PATHS = "$(inherited) @executable_path/Frameworks @loader_path/Frameworks";
				PRODUCT_BUNDLE_IDENTIFIER = com.nicktd.HarvestSeasonTests;
				PRODUCT_NAME = "$(TARGET_NAME)";
				SWIFT_VERSION = 3.0;
				TEST_HOST = "$(BUILT_PRODUCTS_DIR)/HarvestSeason.app/HarvestSeason";
			};
			name = Release;
		};
		6C64B9FF1E074B53004576A9 /* Debug */ = {
			isa = XCBuildConfiguration;
			baseConfigurationReference = 462BC6E93842F34F8572F729 /* Pods-HarvestSeasonUITests.debug.xcconfig */;
			buildSettings = {
				INFOPLIST_FILE = HarvestSeasonUITests/Info.plist;
				LD_RUNPATH_SEARCH_PATHS = "$(inherited) @executable_path/Frameworks @loader_path/Frameworks";
				PRODUCT_BUNDLE_IDENTIFIER = com.nicktd.HarvestSeasonUITests;
				PRODUCT_NAME = "$(TARGET_NAME)";
				SWIFT_VERSION = 3.0;
				TEST_TARGET_NAME = HarvestSeason;
			};
			name = Debug;
		};
		6C64BA001E074B53004576A9 /* Release */ = {
			isa = XCBuildConfiguration;
			baseConfigurationReference = D91B38876BF5DDEB5296B49A /* Pods-HarvestSeasonUITests.release.xcconfig */;
			buildSettings = {
				INFOPLIST_FILE = HarvestSeasonUITests/Info.plist;
				LD_RUNPATH_SEARCH_PATHS = "$(inherited) @executable_path/Frameworks @loader_path/Frameworks";
				PRODUCT_BUNDLE_IDENTIFIER = com.nicktd.HarvestSeasonUITests;
				PRODUCT_NAME = "$(TARGET_NAME)";
				SWIFT_VERSION = 3.0;
				TEST_TARGET_NAME = HarvestSeason;
			};
			name = Release;
		};
/* End XCBuildConfiguration section */

/* Begin XCConfigurationList section */
		6C64B9CB1E074B53004576A9 /* Build configuration list for PBXProject "HarvestSeason" */ = {
			isa = XCConfigurationList;
			buildConfigurations = (
				6C64B9F61E074B53004576A9 /* Debug */,
				6C64B9F71E074B53004576A9 /* Release */,
			);
			defaultConfigurationIsVisible = 0;
			defaultConfigurationName = Release;
		};
		6C64B9F81E074B53004576A9 /* Build configuration list for PBXNativeTarget "HarvestSeason" */ = {
			isa = XCConfigurationList;
			buildConfigurations = (
				6C64B9F91E074B53004576A9 /* Debug */,
				6C64B9FA1E074B53004576A9 /* Release */,
			);
			defaultConfigurationIsVisible = 0;
			defaultConfigurationName = Release;
		};
		6C64B9FB1E074B53004576A9 /* Build configuration list for PBXNativeTarget "HarvestSeasonTests" */ = {
			isa = XCConfigurationList;
			buildConfigurations = (
				6C64B9FC1E074B53004576A9 /* Debug */,
				6C64B9FD1E074B53004576A9 /* Release */,
			);
			defaultConfigurationIsVisible = 0;
			defaultConfigurationName = Release;
		};
		6C64B9FE1E074B53004576A9 /* Build configuration list for PBXNativeTarget "HarvestSeasonUITests" */ = {
			isa = XCConfigurationList;
			buildConfigurations = (
				6C64B9FF1E074B53004576A9 /* Debug */,
				6C64BA001E074B53004576A9 /* Release */,
			);
			defaultConfigurationIsVisible = 0;
			defaultConfigurationName = Release;
		};
/* End XCConfigurationList section */
	};
	rootObject = 6C64B9C81E074B53004576A9 /* Project object */;
}
